// !$*UTF8*$!
{
	archiveVersion = 1;
	classes = {
	};
	objectVersion = 52;
	objects = {

/* Begin PBXBuildFile section */
		74AC9E9E256D351400292C30 /* AppDelegate.swift in Sources */ = {isa = PBXBuildFile; fileRef = 74AC9E9D256D351400292C30 /* AppDelegate.swift */; };
		74AC9EA0256D351400292C30 /* SceneDelegate.swift in Sources */ = {isa = PBXBuildFile; fileRef = 74AC9E9F256D351400292C30 /* SceneDelegate.swift */; };
		74AC9EA5256D351400292C30 /* Main.storyboard in Resources */ = {isa = PBXBuildFile; fileRef = 74AC9EA3256D351400292C30 /* Main.storyboard */; };
		74AC9EA7256D351600292C30 /* Assets.xcassets in Resources */ = {isa = PBXBuildFile; fileRef = 74AC9EA6256D351600292C30 /* Assets.xcassets */; };
		74AC9EAA256D351600292C30 /* LaunchScreen.storyboard in Resources */ = {isa = PBXBuildFile; fileRef = 74AC9EA8256D351600292C30 /* LaunchScreen.storyboard */; };
		74CD87F8265269FD00472F8D /* FirebaseMessaging in Frameworks */ = {isa = PBXBuildFile; productRef = 74CD87F7265269FD00472F8D /* FirebaseMessaging */; };
		74CD87FA265269FD00472F8D /* FirebaseRemoteConfig in Frameworks */ = {isa = PBXBuildFile; productRef = 74CD87F9265269FD00472F8D /* FirebaseRemoteConfig */; };
		74CD880526526B1B00472F8D /* NotificationService.swift in Sources */ = {isa = PBXBuildFile; fileRef = 74CD880426526B1B00472F8D /* NotificationService.swift */; };
		74CD880926526B1B00472F8D /* Service.appex in Embed App Extensions */ = {isa = PBXBuildFile; fileRef = 74CD880226526B1B00472F8D /* Service.appex */; settings = {ATTRIBUTES = (RemoveHeadersOnCopy, ); }; };
		74CD881326526C0800472F8D /* GoogleService-Info.plist in Resources */ = {isa = PBXBuildFile; fileRef = 74CD881226526C0800472F8D /* GoogleService-Info.plist */; };
/* End PBXBuildFile section */

/* Begin PBXContainerItemProxy section */
		74CD880726526B1B00472F8D /* PBXContainerItemProxy */ = {
			isa = PBXContainerItemProxy;
			containerPortal = 74AC9E92256D351400292C30 /* Project object */;
			proxyType = 1;
			remoteGlobalIDString = 74CD880126526B1B00472F8D;
			remoteInfo = Service;
		};
/* End PBXContainerItemProxy section */

/* Begin PBXCopyFilesBuildPhase section */
		74CD880D26526B1B00472F8D /* Embed App Extensions */ = {
			isa = PBXCopyFilesBuildPhase;
			buildActionMask = 2147483647;
			dstPath = "";
			dstSubfolderSpec = 13;
			files = (
				74CD880926526B1B00472F8D /* Service.appex in Embed App Extensions */,
			);
			name = "Embed App Extensions";
			runOnlyForDeploymentPostprocessing = 0;
		};
/* End PBXCopyFilesBuildPhase section */

/* Begin PBXFileReference section */
		74AC9E9A256D351400292C30 /* MyTest.app */ = {isa = PBXFileReference; explicitFileType = wrapper.application; includeInIndex = 0; path = MyTest.app; sourceTree = BUILT_PRODUCTS_DIR; };
		74AC9E9D256D351400292C30 /* AppDelegate.swift */ = {isa = PBXFileReference; lastKnownFileType = sourcecode.swift; path = AppDelegate.swift; sourceTree = "<group>"; };
		74AC9E9F256D351400292C30 /* SceneDelegate.swift */ = {isa = PBXFileReference; lastKnownFileType = sourcecode.swift; path = SceneDelegate.swift; sourceTree = "<group>"; };
		74AC9EA4256D351400292C30 /* Base */ = {isa = PBXFileReference; lastKnownFileType = file.storyboard; name = Base; path = Base.lproj/Main.storyboard; sourceTree = "<group>"; };
		74AC9EA6256D351600292C30 /* Assets.xcassets */ = {isa = PBXFileReference; lastKnownFileType = folder.assetcatalog; path = Assets.xcassets; sourceTree = "<group>"; };
		74AC9EA9256D351600292C30 /* Base */ = {isa = PBXFileReference; lastKnownFileType = file.storyboard; name = Base; path = Base.lproj/LaunchScreen.storyboard; sourceTree = "<group>"; };
		74AC9EAB256D351600292C30 /* Info.plist */ = {isa = PBXFileReference; lastKnownFileType = text.plist.xml; path = Info.plist; sourceTree = "<group>"; };
		74CD87F42652677C00472F8D /* MyTest.entitlements */ = {isa = PBXFileReference; lastKnownFileType = text.plist.entitlements; path = MyTest.entitlements; sourceTree = "<group>"; };
		74CD880226526B1B00472F8D /* Service.appex */ = {isa = PBXFileReference; explicitFileType = "wrapper.app-extension"; includeInIndex = 0; path = Service.appex; sourceTree = BUILT_PRODUCTS_DIR; };
		74CD880426526B1B00472F8D /* NotificationService.swift */ = {isa = PBXFileReference; lastKnownFileType = sourcecode.swift; path = NotificationService.swift; sourceTree = "<group>"; };
		74CD880626526B1B00472F8D /* Info.plist */ = {isa = PBXFileReference; lastKnownFileType = text.plist.xml; path = Info.plist; sourceTree = "<group>"; };
		74CD881226526C0800472F8D /* GoogleService-Info.plist */ = {isa = PBXFileReference; fileEncoding = 4; lastKnownFileType = text.plist.xml; path = "GoogleService-Info.plist"; sourceTree = "<group>"; };
/* End PBXFileReference section */

/* Begin PBXFrameworksBuildPhase section */
		74AC9E97256D351400292C30 /* Frameworks */ = {
			isa = PBXFrameworksBuildPhase;
			buildActionMask = 2147483647;
			files = (
				74CD87F8265269FD00472F8D /* FirebaseMessaging in Frameworks */,
				74CD87FA265269FD00472F8D /* FirebaseRemoteConfig in Frameworks */,
			);
			runOnlyForDeploymentPostprocessing = 0;
		};
		74CD87FF26526B1B00472F8D /* Frameworks */ = {
			isa = PBXFrameworksBuildPhase;
			buildActionMask = 2147483647;
			files = (
			);
			runOnlyForDeploymentPostprocessing = 0;
		};
/* End PBXFrameworksBuildPhase section */

/* Begin PBXGroup section */
		74AC9E91256D351400292C30 = {
			isa = PBXGroup;
			children = (
				74AC9E9C256D351400292C30 /* MyTest */,
				74CD880326526B1B00472F8D /* Service */,
				74AC9E9B256D351400292C30 /* Products */,
			);
			sourceTree = "<group>";
		};
		74AC9E9B256D351400292C30 /* Products */ = {
			isa = PBXGroup;
			children = (
				74AC9E9A256D351400292C30 /* MyTest.app */,
				74CD880226526B1B00472F8D /* Service.appex */,
			);
			name = Products;
			sourceTree = "<group>";
		};
		74AC9E9C256D351400292C30 /* MyTest */ = {
			isa = PBXGroup;
			children = (
				74CD87F42652677C00472F8D /* MyTest.entitlements */,
				74AC9E9D256D351400292C30 /* AppDelegate.swift */,
				74AC9E9F256D351400292C30 /* SceneDelegate.swift */,
				74AC9EA3256D351400292C30 /* Main.storyboard */,
				74AC9EA6256D351600292C30 /* Assets.xcassets */,
				74AC9EA8256D351600292C30 /* LaunchScreen.storyboard */,
				74AC9EAB256D351600292C30 /* Info.plist */,
				74CD881226526C0800472F8D /* GoogleService-Info.plist */,
			);
			path = MyTest;
			sourceTree = "<group>";
		};
		74CD880326526B1B00472F8D /* Service */ = {
			isa = PBXGroup;
			children = (
				74CD880426526B1B00472F8D /* NotificationService.swift */,
				74CD880626526B1B00472F8D /* Info.plist */,
			);
			path = Service;
			sourceTree = "<group>";
		};
/* End PBXGroup section */

/* Begin PBXNativeTarget section */
		74AC9E99256D351400292C30 /* MyTest */ = {
			isa = PBXNativeTarget;
			buildConfigurationList = 74AC9EAE256D351600292C30 /* Build configuration list for PBXNativeTarget "MyTest" */;
			buildPhases = (
				74AC9E96256D351400292C30 /* Sources */,
				74AC9E97256D351400292C30 /* Frameworks */,
				74AC9E98256D351400292C30 /* Resources */,
				74CD880D26526B1B00472F8D /* Embed App Extensions */,
			);
			buildRules = (
			);
			dependencies = (
				74CD880826526B1B00472F8D /* PBXTargetDependency */,
			);
			name = MyTest;
			packageProductDependencies = (
				74CD87F7265269FD00472F8D /* FirebaseMessaging */,
				74CD87F9265269FD00472F8D /* FirebaseRemoteConfig */,
			);
			productName = MyTest;
			productReference = 74AC9E9A256D351400292C30 /* MyTest.app */;
			productType = "com.apple.product-type.application";
		};
		74CD880126526B1B00472F8D /* Service */ = {
			isa = PBXNativeTarget;
			buildConfigurationList = 74CD880A26526B1B00472F8D /* Build configuration list for PBXNativeTarget "Service" */;
			buildPhases = (
				74CD87FE26526B1B00472F8D /* Sources */,
				74CD87FF26526B1B00472F8D /* Frameworks */,
				74CD880026526B1B00472F8D /* Resources */,
			);
			buildRules = (
			);
			dependencies = (
			);
			name = Service;
			productName = Service;
			productReference = 74CD880226526B1B00472F8D /* Service.appex */;
			productType = "com.apple.product-type.app-extension";
		};
/* End PBXNativeTarget section */

/* Begin PBXProject section */
		74AC9E92256D351400292C30 /* Project object */ = {
			isa = PBXProject;
			attributes = {
				LastSwiftUpdateCheck = 1240;
				LastUpgradeCheck = 1220;
				TargetAttributes = {
					74AC9E99256D351400292C30 = {
						CreatedOnToolsVersion = 12.2;
					};
					74CD880126526B1B00472F8D = {
						CreatedOnToolsVersion = 12.4;
					};
				};
			};
			buildConfigurationList = 74AC9E95256D351400292C30 /* Build configuration list for PBXProject "MyTest" */;
			compatibilityVersion = "Xcode 9.3";
			developmentRegion = en;
			hasScannedForEncodings = 0;
			knownRegions = (
				en,
				Base,
			);
			mainGroup = 74AC9E91256D351400292C30;
			packageReferences = (
				74CD87F6265269FD00472F8D /* XCRemoteSwiftPackageReference "firebase-ios-sdk" */,
			);
			productRefGroup = 74AC9E9B256D351400292C30 /* Products */;
			projectDirPath = "";
			projectRoot = "";
			targets = (
				74AC9E99256D351400292C30 /* MyTest */,
				74CD880126526B1B00472F8D /* Service */,
			);
		};
/* End PBXProject section */

/* Begin PBXResourcesBuildPhase section */
		74AC9E98256D351400292C30 /* Resources */ = {
			isa = PBXResourcesBuildPhase;
			buildActionMask = 2147483647;
			files = (
				74AC9EAA256D351600292C30 /* LaunchScreen.storyboard in Resources */,
				74CD881326526C0800472F8D /* GoogleService-Info.plist in Resources */,
				74AC9EA7256D351600292C30 /* Assets.xcassets in Resources */,
				74AC9EA5256D351400292C30 /* Main.storyboard in Resources */,
			);
			runOnlyForDeploymentPostprocessing = 0;
		};
		74CD880026526B1B00472F8D /* Resources */ = {
			isa = PBXResourcesBuildPhase;
			buildActionMask = 2147483647;
			files = (
			);
			runOnlyForDeploymentPostprocessing = 0;
		};
/* End PBXResourcesBuildPhase section */

/* Begin PBXSourcesBuildPhase section */
		74AC9E96256D351400292C30 /* Sources */ = {
			isa = PBXSourcesBuildPhase;
			buildActionMask = 2147483647;
			files = (
				74AC9E9E256D351400292C30 /* AppDelegate.swift in Sources */,
				74AC9EA0256D351400292C30 /* SceneDelegate.swift in Sources */,
			);
			runOnlyForDeploymentPostprocessing = 0;
		};
		74CD87FE26526B1B00472F8D /* Sources */ = {
			isa = PBXSourcesBuildPhase;
			buildActionMask = 2147483647;
			files = (
				74CD880526526B1B00472F8D /* NotificationService.swift in Sources */,
			);
			runOnlyForDeploymentPostprocessing = 0;
		};
/* End PBXSourcesBuildPhase section */

/* Begin PBXTargetDependency section */
		74CD880826526B1B00472F8D /* PBXTargetDependency */ = {
			isa = PBXTargetDependency;
			target = 74CD880126526B1B00472F8D /* Service */;
			targetProxy = 74CD880726526B1B00472F8D /* PBXContainerItemProxy */;
		};
/* End PBXTargetDependency section */

/* Begin PBXVariantGroup section */
		74AC9EA3256D351400292C30 /* Main.storyboard */ = {
			isa = PBXVariantGroup;
			children = (
				74AC9EA4256D351400292C30 /* Base */,
			);
			name = Main.storyboard;
			sourceTree = "<group>";
		};
		74AC9EA8256D351600292C30 /* LaunchScreen.storyboard */ = {
			isa = PBXVariantGroup;
			children = (
				74AC9EA9256D351600292C30 /* Base */,
			);
			name = LaunchScreen.storyboard;
			sourceTree = "<group>";
		};
/* End PBXVariantGroup section */

/* Begin XCBuildConfiguration section */
		74AC9EAC256D351600292C30 /* Debug */ = {
			isa = XCBuildConfiguration;
			buildSettings = {
				ALWAYS_SEARCH_USER_PATHS = NO;
				CLANG_ANALYZER_NONNULL = YES;
				CLANG_ANALYZER_NUMBER_OBJECT_CONVERSION = YES_AGGRESSIVE;
				CLANG_CXX_LANGUAGE_STANDARD = "gnu++14";
				CLANG_CXX_LIBRARY = "libc++";
				CLANG_ENABLE_MODULES = YES;
				CLANG_ENABLE_OBJC_ARC = YES;
				CLANG_ENABLE_OBJC_WEAK = YES;
				CLANG_WARN_BLOCK_CAPTURE_AUTORELEASING = YES;
				CLANG_WARN_BOOL_CONVERSION = YES;
				CLANG_WARN_COMMA = YES;
				CLANG_WARN_CONSTANT_CONVERSION = YES;
				CLANG_WARN_DEPRECATED_OBJC_IMPLEMENTATIONS = YES;
				CLANG_WARN_DIRECT_OBJC_ISA_USAGE = YES_ERROR;
				CLANG_WARN_DOCUMENTATION_COMMENTS = YES;
				CLANG_WARN_EMPTY_BODY = YES;
				CLANG_WARN_ENUM_CONVERSION = YES;
				CLANG_WARN_INFINITE_RECURSION = YES;
				CLANG_WARN_INT_CONVERSION = YES;
				CLANG_WARN_NON_LITERAL_NULL_CONVERSION = YES;
				CLANG_WARN_OBJC_IMPLICIT_RETAIN_SELF = YES;
				CLANG_WARN_OBJC_LITERAL_CONVERSION = YES;
				CLANG_WARN_OBJC_ROOT_CLASS = YES_ERROR;
				CLANG_WARN_QUOTED_INCLUDE_IN_FRAMEWORK_HEADER = YES;
				CLANG_WARN_RANGE_LOOP_ANALYSIS = YES;
				CLANG_WARN_STRICT_PROTOTYPES = YES;
				CLANG_WARN_SUSPICIOUS_MOVE = YES;
				CLANG_WARN_UNGUARDED_AVAILABILITY = YES_AGGRESSIVE;
				CLANG_WARN_UNREACHABLE_CODE = YES;
				CLANG_WARN__DUPLICATE_METHOD_MATCH = YES;
				COPY_PHASE_STRIP = NO;
				DEBUG_INFORMATION_FORMAT = dwarf;
				ENABLE_STRICT_OBJC_MSGSEND = YES;
				ENABLE_TESTABILITY = YES;
				GCC_C_LANGUAGE_STANDARD = gnu11;
				GCC_DYNAMIC_NO_PIC = NO;
				GCC_NO_COMMON_BLOCKS = YES;
				GCC_OPTIMIZATION_LEVEL = 0;
				GCC_PREPROCESSOR_DEFINITIONS = (
					"DEBUG=1",
					"$(inherited)",
				);
				GCC_WARN_64_TO_32_BIT_CONVERSION = YES;
				GCC_WARN_ABOUT_RETURN_TYPE = YES_ERROR;
				GCC_WARN_UNDECLARED_SELECTOR = YES;
				GCC_WARN_UNINITIALIZED_AUTOS = YES_AGGRESSIVE;
				GCC_WARN_UNUSED_FUNCTION = YES;
				GCC_WARN_UNUSED_VARIABLE = YES;
				IPHONEOS_DEPLOYMENT_TARGET = 14.2;
				MTL_ENABLE_DEBUG_INFO = INCLUDE_SOURCE;
				MTL_FAST_MATH = YES;
				ONLY_ACTIVE_ARCH = YES;
				SDKROOT = iphoneos;
				SWIFT_ACTIVE_COMPILATION_CONDITIONS = DEBUG;
				SWIFT_OPTIMIZATION_LEVEL = "-Onone";
			};
			name = Debug;
		};
		74AC9EAD256D351600292C30 /* Release */ = {
			isa = XCBuildConfiguration;
			buildSettings = {
				ALWAYS_SEARCH_USER_PATHS = NO;
				CLANG_ANALYZER_NONNULL = YES;
				CLANG_ANALYZER_NUMBER_OBJECT_CONVERSION = YES_AGGRESSIVE;
				CLANG_CXX_LANGUAGE_STANDARD = "gnu++14";
				CLANG_CXX_LIBRARY = "libc++";
				CLANG_ENABLE_MODULES = YES;
				CLANG_ENABLE_OBJC_ARC = YES;
				CLANG_ENABLE_OBJC_WEAK = YES;
				CLANG_WARN_BLOCK_CAPTURE_AUTORELEASING = YES;
				CLANG_WARN_BOOL_CONVERSION = YES;
				CLANG_WARN_COMMA = YES;
				CLANG_WARN_CONSTANT_CONVERSION = YES;
				CLANG_WARN_DEPRECATED_OBJC_IMPLEMENTATIONS = YES;
				CLANG_WARN_DIRECT_OBJC_ISA_USAGE = YES_ERROR;
				CLANG_WARN_DOCUMENTATION_COMMENTS = YES;
				CLANG_WARN_EMPTY_BODY = YES;
				CLANG_WARN_ENUM_CONVERSION = YES;
				CLANG_WARN_INFINITE_RECURSION = YES;
				CLANG_WARN_INT_CONVERSION = YES;
				CLANG_WARN_NON_LITERAL_NULL_CONVERSION = YES;
				CLANG_WARN_OBJC_IMPLICIT_RETAIN_SELF = YES;
				CLANG_WARN_OBJC_LITERAL_CONVERSION = YES;
				CLANG_WARN_OBJC_ROOT_CLASS = YES_ERROR;
				CLANG_WARN_QUOTED_INCLUDE_IN_FRAMEWORK_HEADER = YES;
				CLANG_WARN_RANGE_LOOP_ANALYSIS = YES;
				CLANG_WARN_STRICT_PROTOTYPES = YES;
				CLANG_WARN_SUSPICIOUS_MOVE = YES;
				CLANG_WARN_UNGUARDED_AVAILABILITY = YES_AGGRESSIVE;
				CLANG_WARN_UNREACHABLE_CODE = YES;
				CLANG_WARN__DUPLICATE_METHOD_MATCH = YES;
				COPY_PHASE_STRIP = NO;
				DEBUG_INFORMATION_FORMAT = "dwarf-with-dsym";
				ENABLE_NS_ASSERTIONS = NO;
				ENABLE_STRICT_OBJC_MSGSEND = YES;
				GCC_C_LANGUAGE_STANDARD = gnu11;
				GCC_NO_COMMON_BLOCKS = YES;
				GCC_WARN_64_TO_32_BIT_CONVERSION = YES;
				GCC_WARN_ABOUT_RETURN_TYPE = YES_ERROR;
				GCC_WARN_UNDECLARED_SELECTOR = YES;
				GCC_WARN_UNINITIALIZED_AUTOS = YES_AGGRESSIVE;
				GCC_WARN_UNUSED_FUNCTION = YES;
				GCC_WARN_UNUSED_VARIABLE = YES;
				IPHONEOS_DEPLOYMENT_TARGET = 14.2;
				MTL_ENABLE_DEBUG_INFO = NO;
				MTL_FAST_MATH = YES;
				SDKROOT = iphoneos;
				SWIFT_COMPILATION_MODE = wholemodule;
				SWIFT_OPTIMIZATION_LEVEL = "-O";
				VALIDATE_PRODUCT = YES;
			};
			name = Release;
		};
		74AC9EAF256D351600292C30 /* Debug */ = {
			isa = XCBuildConfiguration;
			buildSettings = {
				ALWAYS_EMBED_SWIFT_STANDARD_LIBRARIES = YES;
				ASSETCATALOG_COMPILER_APPICON_NAME = AppIcon;
				ASSETCATALOG_COMPILER_GLOBAL_ACCENT_COLOR_NAME = AccentColor;
				CODE_SIGN_ENTITLEMENTS = MyTest/MyTest.entitlements;
				CODE_SIGN_STYLE = Automatic;
				DEVELOPMENT_TEAM = 2A2KRL653M;
				INFOPLIST_FILE = MyTest/Info.plist;
				IPHONEOS_DEPLOYMENT_TARGET = 11.0;
				LD_RUNPATH_SEARCH_PATHS = (
					"$(inherited)",
					"@executable_path/Frameworks",
				);
				PRODUCT_BUNDLE_IDENTIFIER = com.app.Dexacoin;
				PRODUCT_NAME = "$(TARGET_NAME)";
				SWIFT_VERSION = 5.0;
				TARGETED_DEVICE_FAMILY = "1,2";
			};
			name = Debug;
		};
		74AC9EB0256D351600292C30 /* Release */ = {
			isa = XCBuildConfiguration;
			buildSettings = {
				ALWAYS_EMBED_SWIFT_STANDARD_LIBRARIES = YES;
				ASSETCATALOG_COMPILER_APPICON_NAME = AppIcon;
				ASSETCATALOG_COMPILER_GLOBAL_ACCENT_COLOR_NAME = AccentColor;
				CODE_SIGN_ENTITLEMENTS = MyTest/MyTest.entitlements;
				CODE_SIGN_STYLE = Automatic;
				DEVELOPMENT_TEAM = 2A2KRL653M;
				INFOPLIST_FILE = MyTest/Info.plist;
				IPHONEOS_DEPLOYMENT_TARGET = 11.0;
				LD_RUNPATH_SEARCH_PATHS = (
					"$(inherited)",
					"@executable_path/Frameworks",
				);
				PRODUCT_BUNDLE_IDENTIFIER = com.app.Dexacoin;
				PRODUCT_NAME = "$(TARGET_NAME)";
				SWIFT_VERSION = 5.0;
				TARGETED_DEVICE_FAMILY = "1,2";
			};
			name = Release;
		};
		74CD880B26526B1B00472F8D /* Debug */ = {
			isa = XCBuildConfiguration;
			buildSettings = {
				CODE_SIGN_STYLE = Automatic;
				DEVELOPMENT_TEAM = 2A2KRL653M;
				INFOPLIST_FILE = Service/Info.plist;
				IPHONEOS_DEPLOYMENT_TARGET = 11.0;
				LD_RUNPATH_SEARCH_PATHS = (
					"$(inherited)",
					"@executable_path/Frameworks",
					"@executable_path/../../Frameworks",
				);
				PRODUCT_BUNDLE_IDENTIFIER = com.app.Dexacoin.Service;
				PRODUCT_NAME = "$(TARGET_NAME)";
				SKIP_INSTALL = YES;
				SWIFT_VERSION = 5.0;
				TARGETED_DEVICE_FAMILY = "1,2";
			};
			name = Debug;
		};
		74CD880C26526B1B00472F8D /* Release */ = {
			isa = XCBuildConfiguration;
			buildSettings = {
				CODE_SIGN_STYLE = Automatic;
				DEVELOPMENT_TEAM = 2A2KRL653M;
				INFOPLIST_FILE = Service/Info.plist;
				IPHONEOS_DEPLOYMENT_TARGET = 11.0;
				LD_RUNPATH_SEARCH_PATHS = (
					"$(inherited)",
					"@executable_path/Frameworks",
					"@executable_path/../../Frameworks",
				);
				PRODUCT_BUNDLE_IDENTIFIER = com.app.Dexacoin.Service;
				PRODUCT_NAME = "$(TARGET_NAME)";
				SKIP_INSTALL = YES;
				SWIFT_VERSION = 5.0;
				TARGETED_DEVICE_FAMILY = "1,2";
			};
			name = Release;
		};
/* End XCBuildConfiguration section */

/* Begin XCConfigurationList section */
		74AC9E95256D351400292C30 /* Build configuration list for PBXProject "MyTest" */ = {
			isa = XCConfigurationList;
			buildConfigurations = (
				74AC9EAC256D351600292C30 /* Debug */,
				74AC9EAD256D351600292C30 /* Release */,
			);
			defaultConfigurationIsVisible = 0;
			defaultConfigurationName = Release;
		};
		74AC9EAE256D351600292C30 /* Build configuration list for PBXNativeTarget "MyTest" */ = {
			isa = XCConfigurationList;
			buildConfigurations = (
				74AC9EAF256D351600292C30 /* Debug */,
				74AC9EB0256D351600292C30 /* Release */,
			);
			defaultConfigurationIsVisible = 0;
			defaultConfigurationName = Release;
		};
		74CD880A26526B1B00472F8D /* Build configuration list for PBXNativeTarget "Service" */ = {
			isa = XCConfigurationList;
			buildConfigurations = (
				74CD880B26526B1B00472F8D /* Debug */,
				74CD880C26526B1B00472F8D /* Release */,
			);
			defaultConfigurationIsVisible = 0;
			defaultConfigurationName = Release;
		};
/* End XCConfigurationList section */

/* Begin XCRemoteSwiftPackageReference section */
		74CD87F6265269FD00472F8D /* XCRemoteSwiftPackageReference "firebase-ios-sdk" */ = {
			isa = XCRemoteSwiftPackageReference;
			repositoryURL = "https://github.com/firebase/firebase-ios-sdk.git";
			requirement = {
				kind = upToNextMajorVersion;
				minimumVersion = 8.0.0;
			};
		};
/* End XCRemoteSwiftPackageReference section */

/* Begin XCSwiftPackageProductDependency section */
		74CD87F7265269FD00472F8D /* FirebaseMessaging */ = {
			isa = XCSwiftPackageProductDependency;
			package = 74CD87F6265269FD00472F8D /* XCRemoteSwiftPackageReference "firebase-ios-sdk" */;
			productName = FirebaseMessaging;
		};
		74CD87F9265269FD00472F8D /* FirebaseRemoteConfig */ = {
			isa = XCSwiftPackageProductDependency;
			package = 74CD87F6265269FD00472F8D /* XCRemoteSwiftPackageReference "firebase-ios-sdk" */;
			productName = FirebaseRemoteConfig;
		};
/* End XCSwiftPackageProductDependency section */
	};
	rootObject = 74AC9E92256D351400292C30 /* Project object */;
}
